<?xml version="1.0" encoding="utf-8"?>
<Project ToolsVersion="4.0" xmlns="http://schemas.microsoft.com/developer/msbuild/2003">
  <ItemGroup>
    <Filter Include="Source Files">
      <UniqueIdentifier>{46f303b2-833c-49be-8fc9-45639989723a}</UniqueIdentifier>
      <Extensions>cpp;c;cxx;rc;def;r;odl;idl;hpj;bat</Extensions>
    </Filter>
    <Filter Include="Header Files">
      <UniqueIdentifier>{0fcd73ac-9886-4947-b6e2-795ded61627f}</UniqueIdentifier>
      <Extensions>h;hpp;hxx;hm;inl</Extensions>
    </Filter>
    <Filter Include="Resource Files">
      <UniqueIdentifier>{1f1e615a-cff1-498b-b498-a485359bc8ab}</UniqueIdentifier>
      <Extensions>ico;cur;bmp;dlg;rc2;rct;bin;rgs;gif;jpg;jpeg;jpe</Extensions>
    </Filter>
  </ItemGroup>
  <ItemGroup>
    <ClCompile Include="AccountFileCacheMng.cpp">
      <Filter>Source Files</Filter>
    </ClCompile>
    <ClCompile Include="AccountFlow.cpp">
      <Filter>Source Files</Filter>
    </ClCompile>
    <ClCompile Include="AccountFlowDlg.cpp">
      <Filter>Source Files</Filter>
    </ClCompile>
    <ClCompile Include="AckError.cpp">
      <Filter>Source Files</Filter>
    </ClCompile>
    <ClCompile Include="AckErrSetPage.cpp">
      <Filter>Source Files</Filter>
    </ClCompile>
    <ClCompile Include="AlarmHandMsgProc.cpp">
      <Filter>Source Files</Filter>
    </ClCompile>
    <ClCompile Include="AlarmUDPMng.cpp">
      <Filter>Source Files</Filter>
    </ClCompile>
    <ClCompile Include="CacheConfigPage.cpp">
      <Filter>Source Files</Filter>
    </ClCompile>
    <ClCompile Include="CmppAndSmpp.cpp">
      <Filter>Source Files</Filter>
    </ClCompile>
    <ClCompile Include="smcif\cmppservice.cpp">
      <Filter>Source Files</Filter>
    </ClCompile>
    <ClCompile Include="cngpandsmpp.cpp">
      <Filter>Source Files</Filter>
    </ClCompile>
    <ClCompile Include="cngpservice.cpp">
      <Filter>Source Files</Filter>
    </ClCompile>
    <ClCompile Include="CnppCodeAndDecode.cpp">
      <Filter>Source Files</Filter>
    </ClCompile>
    <ClCompile Include="..\common\codeanddecode.cpp">
      <Filter>Source Files</Filter>
    </ClCompile>
    <ClCompile Include="CommServiceIF\CommServiceCode.cpp">
      <Filter>Source Files</Filter>
    </ClCompile>
    <ClCompile Include="..\common\commthreadmng.cpp">
      <Filter>Source Files</Filter>
    </ClCompile>
    <ClCompile Include="ConfigDlg.cpp">
      <Filter>Source Files</Filter>
    </ClCompile>
    <ClCompile Include="ConfigLogPage.cpp">
      <Filter>Source Files</Filter>
    </ClCompile>
    <ClCompile Include="ifmng\connpoint.cpp">
      <Filter>Source Files</Filter>
    </ClCompile>
    <ClCompile Include="ContentFilter.cpp">
      <Filter>Source Files</Filter>
    </ClCompile>
    <ClCompile Include="DbgViewDlg.cpp">
      <Filter>Source Files</Filter>
    </ClCompile>
    <ClCompile Include="smtable\dealshortmsg.cpp">
      <Filter>Source Files</Filter>
    </ClCompile>
    <ClCompile Include="DynamicLED.cpp">
      <Filter>Source Files</Filter>
    </ClCompile>
    <ClCompile Include="Environment\Environment.cpp">
      <Filter>Source Files</Filter>
    </ClCompile>
    <ClCompile Include="ErrFuncs.cpp">
      <Filter>Source Files</Filter>
    </ClCompile>
    <ClCompile Include="SmcIF\ESMECode.cpp">
      <Filter>Source Files</Filter>
    </ClCompile>
    <ClCompile Include="Exp_Filter.cpp">
      <Filter>Source Files</Filter>
    </ClCompile>
    <ClCompile Include="FileCacheMng.cpp">
      <Filter>Source Files</Filter>
    </ClCompile>
    <ClCompile Include="FilterDeal.cpp">
      <Filter>Source Files</Filter>
    </ClCompile>
    <ClCompile Include="FolderDialog.cpp">
      <Filter>Source Files</Filter>
    </ClCompile>
    <ClCompile Include="..\DrvManager\ICDComDrv.cpp">
      <Filter>Source Files</Filter>
    </ClCompile>
    <ClCompile Include="SMTABLE\Index.cpp">
      <Filter>Source Files</Filter>
    </ClCompile>
    <ClCompile Include="InputBoxOne.cpp">
      <Filter>Source Files</Filter>
    </ClCompile>
    <ClCompile Include="InputBoxTwo.cpp">
      <Filter>Source Files</Filter>
    </ClCompile>
    <ClCompile Include="InputDestAddr.cpp">
      <Filter>Source Files</Filter>
    </ClCompile>
    <ClCompile Include="LogManager.cpp">
      <Filter>Source Files</Filter>
    </ClCompile>
    <ClCompile Include="..\MD5\md5_dgst.cpp">
      <Filter>Source Files</Filter>
    </ClCompile>
    <ClCompile Include="..\MD5\md5_one.cpp">
      <Filter>Source Files</Filter>
    </ClCompile>
    <ClCompile Include="..\Common\MessageQueueEx.cpp">
      <Filter>Source Files</Filter>
    </ClCompile>
    <ClCompile Include="..\Common\msgqueue.cpp">
      <Filter>Source Files</Filter>
    </ClCompile>
    <ClCompile Include="TaskPool\MsgTrace.cpp">
      <Filter>Source Files</Filter>
    </ClCompile>
    <ClCompile Include="commserviceif\mtnservice.cpp">
      <Filter>Source Files</Filter>
    </ClCompile>
    <ClCompile Include="OMCServer\OMCServer.cpp">
      <Filter>Source Files</Filter>
    </ClCompile>
    <ClCompile Include="OtherConfigPage.cpp">
      <Filter>Source Files</Filter>
    </ClCompile>
    <ClCompile Include="PageStatus.cpp">
      <Filter>Source Files</Filter>
    </ClCompile>
    <ClCompile Include="Pool.cpp">
      <Filter>Source Files</Filter>
    </ClCompile>
    <ClCompile Include="PrePayAddrTable.cpp">
      <Filter>Source Files</Filter>
    </ClCompile>
    <ClCompile Include="ptopandsmpp.cpp">
      <Filter>Source Files</Filter>
    </ClCompile>
    <ClCompile Include="ptopservice.cpp">
      <Filter>Source Files</Filter>
    </ClCompile>
    <ClCompile Include="QueryUserFeeType.cpp">
      <Filter>Source Files</Filter>
    </ClCompile>
    <ClCompile Include="..\Common\RegKey.cpp">
      <Filter>Source Files</Filter>
    </ClCompile>
    <ClCompile Include="..\common\routetable.cpp">
      <Filter>Source Files</Filter>
    </ClCompile>
    <ClCompile Include="SafeFile.cpp">
      <Filter>Source Files</Filter>
    </ClCompile>
    <ClCompile Include="..\Common\SaveSysEvent.cpp">
      <Filter>Source Files</Filter>
    </ClCompile>
    <ClCompile Include="ifmng\service.cpp">
      <Filter>Source Files</Filter>
    </ClCompile>
    <ClCompile Include="ifmng\servicemng.cpp">
      <Filter>Source Files</Filter>
    </ClCompile>
    <ClCompile Include="SgipAndSmpp.cpp">
      <Filter>Source Files</Filter>
    </ClCompile>
    <ClCompile Include="smcif\sgipservice.cpp">
      <Filter>Source Files</Filter>
    </ClCompile>
    <ClCompile Include="..\Common\ShareMemManager.cpp">
      <Filter>Source Files</Filter>
    </ClCompile>
    <ClCompile Include="smtable\shortmsg.cpp">
      <Filter>Source Files</Filter>
    </ClCompile>
    <ClCompile Include="SmcIF\SmapAndInnerTrans.cpp">
      <Filter>Source Files</Filter>
    </ClCompile>
    <ClCompile Include="SmcIF\SmapCode.cpp">
      <Filter>Source Files</Filter>
    </ClCompile>
    <ClCompile Include="SmcIF\SmapComp.cpp">
      <Filter>Source Files</Filter>
    </ClCompile>
    <ClCompile Include="SmcIF\smapuncomp.cpp">
      <Filter>Source Files</Filter>
    </ClCompile>
    <ClCompile Include="smcif\smccnppif.cpp">
      <Filter>Source Files</Filter>
    </ClCompile>
    <ClCompile Include="SmcIF\SmcIF.cpp">
      <Filter>Source Files</Filter>
    </ClCompile>
    <ClCompile Include="SmcIF\SmcIFWaitAck.cpp">
      <Filter>Source Files</Filter>
    </ClCompile>
    <ClCompile Include="SmgpAndSmpp.cpp">
      <Filter>Source Files</Filter>
    </ClCompile>
    <ClCompile Include="smgpservice.cpp">
      <Filter>Source Files</Filter>
    </ClCompile>
    <ClCompile Include="SmcIF\SmppAndInnerTrans.cpp">
      <Filter>Source Files</Filter>
    </ClCompile>
    <ClCompile Include="SmcIF\SmppCode.cpp">
      <Filter>Source Files</Filter>
    </ClCompile>
    <ClCompile Include="smcif\smppdecode.cpp">
      <Filter>Source Files</Filter>
    </ClCompile>
    <ClCompile Include="smcif\smpprecode.cpp">
      <Filter>Source Files</Filter>
    </ClCompile>
    <ClCompile Include="SmcIF\SmsAndEICode.cpp">
      <Filter>Source Files</Filter>
    </ClCompile>
    <ClCompile Include="SmsApp.cpp">
      <Filter>Source Files</Filter>
    </ClCompile>
    <ClCompile Include="SmsAppDlg.cpp">
      <Filter>Source Files</Filter>
    </ClCompile>
    <ClCompile Include="..\drvmanager\sockconnect.cpp">
      <Filter>Source Files</Filter>
    </ClCompile>
    <ClCompile Include="SockContral.cpp">
      <Filter>Source Files</Filter>
    </ClCompile>
    <ClCompile Include="..\Driver\SocketObj.cpp">
      <Filter>Source Files</Filter>
    </ClCompile>
    <ClCompile Include="..\drvmanager\sockmng.cpp">
      <Filter>Source Files</Filter>
    </ClCompile>
    <ClCompile Include="..\common\sockmsgqueue.cpp">
      <Filter>Source Files</Filter>
    </ClCompile>
    <ClCompile Include="..\drvmanager\sockserver.cpp">
      <Filter>Source Files</Filter>
    </ClCompile>
    <ClCompile Include="TaskPool\StatisticsTask.cpp">
      <Filter>Source Files</Filter>
    </ClCompile>
    <ClCompile Include="StdAfx.cpp">
      <Filter>Source Files</Filter>
    </ClCompile>
    <ClCompile Include="..\drvmanager\syssockmng.cpp">
      <Filter>Source Files</Filter>
    </ClCompile>
    <ClCompile Include="SystemConfig.cpp">
      <Filter>Source Files</Filter>
    </ClCompile>
    <ClCompile Include="SMTABLE\Table.cpp">
      <Filter>Source Files</Filter>
    </ClCompile>
    <ClCompile Include="..\DrvManager\Thread.cpp">
      <Filter>Source Files</Filter>
    </ClCompile>
    <ClCompile Include="..\common\threadandtimer.cpp">
      <Filter>Source Files</Filter>
    </ClCompile>
    <ClCompile Include="..\common\threadmng.cpp">
      <Filter>Source Files</Filter>
    </ClCompile>
    <ClCompile Include="..\common\timermng.cpp">
      <Filter>Source Files</Filter>
    </ClCompile>
    <ClCompile Include="..\Common\tlv.cpp">
      <Filter>Source Files</Filter>
    </ClCompile>
    <ClCompile Include="..\Common\TrayIcon.cpp">
      <Filter>Source Files</Filter>
    </ClCompile>
    <ClCompile Include="..\common\Tree10.cpp">
      <Filter>Source Files</Filter>
    </ClCompile>
    <ClCompile Include="TreeTable256.cpp">
      <Filter>Source Files</Filter>
    </ClCompile>
    <ClCompile Include="UnwelcomeDlg.cpp">
      <Filter>Source Files</Filter>
    </ClCompile>
    <ClCompile Include="ifmng\waitresp.cpp">
      <Filter>Source Files</Filter>
    </ClCompile>
    <ClCompile Include="WordAnalyse.cpp">
      <Filter>Source Files</Filter>
    </ClCompile>
    <ClCompile Include="taskpool\work.cpp">
      <Filter>Source Files</Filter>
    </ClCompile>
    <ClCompile Include="OmcManager.cpp">
      <Filter>Header Files</Filter>
    </ClCompile>
  </ItemGroup>
  <ItemGroup>
    <ResourceCompile Include="SmsApp.rc">
      <Filter>Source Files</Filter>
    </ResourceCompile>
  </ItemGroup>
  <ItemGroup>
    <ClInclude Include="AccountFileCacheMng.h">
      <Filter>Header Files</Filter>
    </ClInclude>
    <ClInclude Include="AccountFlow.h">
      <Filter>Header Files</Filter>
    </ClInclude>
    <ClInclude Include="AccountFlowDlg.h">
      <Filter>Header Files</Filter>
    </ClInclude>
    <ClInclude Include="AckError.h">
      <Filter>Header Files</Filter>
    </ClInclude>
    <ClInclude Include="AckErrSetPage.h">
      <Filter>Header Files</Filter>
    </ClInclude>
    <ClInclude Include="AlarmHandMsgProc.h">
      <Filter>Header Files</Filter>
    </ClInclude>
    <ClInclude Include="AlarmMsgDef.h">
      <Filter>Header Files</Filter>
    </ClInclude>
    <ClInclude Include="AlarmUDPMng.h">
      <Filter>Header Files</Filter>
    </ClInclude>
    <ClInclude Include="CacheConfigPage.h">
      <Filter>Header Files</Filter>
    </ClInclude>
    <ClInclude Include="..\Common\ChargeHead.h">
      <Filter>Header Files</Filter>
    </ClInclude>
    <ClInclude Include="..\Common\CmdDef.h">
      <Filter>Header Files</Filter>
    </ClInclude>
    <ClInclude Include="CmppAndSmpp.h">
      <Filter>Header Files</Filter>
    </ClInclude>
    <ClInclude Include="Cmppdef.h">
      <Filter>Header Files</Filter>
    </ClInclude>
    <ClInclude Include="smcif\cmppservice.h">
      <Filter>Header Files</Filter>
    </ClInclude>
    <ClInclude Include="cngpandsmpp.h">
      <Filter>Header Files</Filter>
    </ClInclude>
    <ClInclude Include="cngpdef.h">
      <Filter>Header Files</Filter>
    </ClInclude>
    <ClInclude Include="cngpservice.h">
      <Filter>Header Files</Filter>
    </ClInclude>
    <ClInclude Include="cnppCodeAnddecode.h">
      <Filter>Header Files</Filter>
    </ClInclude>
    <ClInclude Include="..\common\codeanddecode.h">
      <Filter>Header Files</Filter>
    </ClInclude>
    <ClInclude Include="CommServiceIF\CommServiceCode.h">
      <Filter>Header Files</Filter>
    </ClInclude>
    <ClInclude Include="..\common\commthreadmng.h">
      <Filter>Header Files</Filter>
    </ClInclude>
    <ClInclude Include="ConfigDlg.h">
      <Filter>Header Files</Filter>
    </ClInclude>
    <ClInclude Include="ConfigLogPage.h">
      <Filter>Header Files</Filter>
    </ClInclude>
    <ClInclude Include="ifmng\connpoint.h">
      <Filter>Header Files</Filter>
    </ClInclude>
    <ClInclude Include="ContentFilter.h">
      <Filter>Header Files</Filter>
    </ClInclude>
    <ClInclude Include="..\Common\DataType.h">
      <Filter>Header Files</Filter>
    </ClInclude>
    <ClInclude Include="DbgViewDlg.h">
      <Filter>Header Files</Filter>
    </ClInclude>
    <ClInclude Include="smtable\dealshortmsg.h">
      <Filter>Header Files</Filter>
    </ClInclude>
    <ClInclude Include="DynamicLED.h">
      <Filter>Header Files</Filter>
    </ClInclude>
    <ClInclude Include="Environment\Environment.h">
      <Filter>Header Files</Filter>
    </ClInclude>
    <ClInclude Include="ErrFuncs.h">
      <Filter>Header Files</Filter>
    </ClInclude>
    <ClInclude Include="..\Common\ErrorLevel.h">
      <Filter>Header Files</Filter>
    </ClInclude>
    <ClInclude Include="SmcIF\ESMECode.h">
      <Filter>Header Files</Filter>
    </ClInclude>
    <ClInclude Include="..\Common\eventlog.h">
      <Filter>Header Files</Filter>
    </ClInclude>
    <ClInclude Include="Exp_Filter.h">
      <Filter>Header Files</Filter>
    </ClInclude>
    <ClInclude Include="..\DrvManager\Fep.h">
      <Filter>Header Files</Filter>
    </ClInclude>
    <ClInclude Include="FileCacheMng.h">
      <Filter>Header Files</Filter>
    </ClInclude>
    <ClInclude Include="FilterDeal.h">
      <Filter>Header Files</Filter>
    </ClInclude>
    <ClInclude Include="FolderDialog.h">
      <Filter>Header Files</Filter>
    </ClInclude>
    <ClInclude Include="..\DrvManager\ICDComDrv.h">
      <Filter>Header Files</Filter>
    </ClInclude>
    <ClInclude Include="SMTABLE\Index.h">
      <Filter>Header Files</Filter>
    </ClInclude>
    <ClInclude Include="InputBoxOne.h">
      <Filter>Header Files</Filter>
    </ClInclude>
    <ClInclude Include="InputBoxTwo.h">
      <Filter>Header Files</Filter>
    </ClInclude>
    <ClInclude Include="InputDestAddr.h">
      <Filter>Header Files</Filter>
    </ClInclude>
    <ClInclude Include="LogManager.h">
      <Filter>Header Files</Filter>
    </ClInclude>
    <ClInclude Include="MainApp.h">
      <Filter>Header Files</Filter>
    </ClInclude>
    <ClInclude Include="..\MD5\md32_common.h">
      <Filter>Header Files</Filter>
    </ClInclude>
    <ClInclude Include="..\MD5\md5.h">
      <Filter>Header Files</Filter>
    </ClInclude>
    <ClInclude Include="..\MD5\md5_locl.h">
      <Filter>Header Files</Filter>
    </ClInclude>
    <ClInclude Include="..\Common\MessageQueueEx.h">
      <Filter>Header Files</Filter>
    </ClInclude>
    <ClInclude Include="msg.h">
      <Filter>Header Files</Filter>
    </ClInclude>
    <ClInclude Include="..\Common\msgex.h">
      <Filter>Header Files</Filter>
    </ClInclude>
    <ClInclude Include="..\Common\msginner.h">
      <Filter>Header Files</Filter>
    </ClInclude>
    <ClInclude Include="..\Common\msgpure.h">
      <Filter>Header Files</Filter>
    </ClInclude>
    <ClInclude Include="..\Common\msgqueue.h">
      <Filter>Header Files</Filter>
    </ClInclude>
    <ClInclude Include="TaskPool\MsgTrace.h">
      <Filter>Header Files</Filter>
    </ClInclude>
    <ClInclude Include="commserviceif\mtnservice.h">
      <Filter>Header Files</Filter>
    </ClInclude>
    <ClInclude Include="..\Common\NewMsgHead.h">
      <Filter>Header Files</Filter>
    </ClInclude>
    <ClInclude Include="OMCServer\OMCServer.h">
      <Filter>Header Files</Filter>
    </ClInclude>
    <ClInclude Include="..\MD5\opensslconf.h">
      <Filter>Header Files</Filter>
    </ClInclude>
    <ClInclude Include="..\MD5\opensslv.h">
      <Filter>Header Files</Filter>
    </ClInclude>
    <ClInclude Include="OtherConfigPage.h">
      <Filter>Header Files</Filter>
    </ClInclude>
    <ClInclude Include="PageStatus.h">
      <Filter>Header Files</Filter>
    </ClInclude>
    <ClInclude Include="Pool.h">
      <Filter>Header Files</Filter>
    </ClInclude>
    <ClInclude Include="PrePayAddrTable.h">
      <Filter>Header Files</Filter>
    </ClInclude>
    <ClInclude Include="ptopandsmpp.h">
      <Filter>Header Files</Filter>
    </ClInclude>
    <ClInclude Include="PToPDef.h">
      <Filter>Header Files</Filter>
    </ClInclude>
    <ClInclude Include="ptopservice.h">
      <Filter>Header Files</Filter>
    </ClInclude>
    <ClInclude Include="QueryUserFeeType.h">
      <Filter>Header Files</Filter>
    </ClInclude>
    <ClInclude Include="..\Common\RegKey.h">
      <Filter>Header Files</Filter>
    </ClInclude>
    <ClInclude Include="Resource.h">
      <Filter>Header Files</Filter>
    </ClInclude>
    <ClInclude Include="..\common\routetable.h">
      <Filter>Header Files</Filter>
    </ClInclude>
    <ClInclude Include="SafeFile.h">
      <Filter>Header Files</Filter>
    </ClInclude>
    <ClInclude Include="ifmng\service.h">
      <Filter>Header Files</Filter>
    </ClInclude>
    <ClInclude Include="ifmng\servicemng.h">
      <Filter>Header Files</Filter>
    </ClInclude>
    <ClInclude Include="SgipAndSmpp.h">
      <Filter>Header Files</Filter>
    </ClInclude>
    <ClInclude Include="SgipDef.h">
      <Filter>Header Files</Filter>
    </ClInclude>
    <ClInclude Include="smcif\sgipservice.h">
      <Filter>Header Files</Filter>
    </ClInclude>
    <ClInclude Include="..\Common\ShareMemManager.h">
      <Filter>Header Files</Filter>
    </ClInclude>
    <ClInclude Include="smtable\shortmsg.h">
      <Filter>Header Files</Filter>
    </ClInclude>
    <ClInclude Include="SmcIF\SmapAndInnerTrans.h">
      <Filter>Header Files</Filter>
    </ClInclude>
    <ClInclude Include="SmcIF\SmapCode.h">
      <Filter>Header Files</Filter>
    </ClInclude>
    <ClInclude Include="SmcIF\SmapCompAndUnComp.h">
      <Filter>Header Files</Filter>
    </ClInclude>
    <ClInclude Include="SmcIF\SMAPDEF.H">
      <Filter>Header Files</Filter>
    </ClInclude>
    <ClInclude Include="smcif\smccnppif.h">
      <Filter>Header Files</Filter>
    </ClInclude>
    <ClInclude Include="SmcIF\SmcIF.h">
      <Filter>Header Files</Filter>
    </ClInclude>
    <ClInclude Include="SmcIF\SmcIFWaitAck.h">
      <Filter>Header Files</Filter>
    </ClInclude>
    <ClInclude Include="..\Common\smcmacro.h">
      <Filter>Header Files</Filter>
    </ClInclude>
    <ClInclude Include="..\Common\smcmacroex.h">
      <Filter>Header Files</Filter>
    </ClInclude>
    <ClInclude Include="..\Common\SMEIMsg.h">
      <Filter>Header Files</Filter>
    </ClInclude>
    <ClInclude Include="SmgpAndSmpp.h">
      <Filter>Header Files</Filter>
    </ClInclude>
    <ClInclude Include="Smgpdef.h">
      <Filter>Header Files</Filter>
    </ClInclude>
    <ClInclude Include="smgpservice.h">
      <Filter>Header Files</Filter>
    </ClInclude>
    <ClInclude Include="SmcIF\SmppAndInnerTrans.h">
      <Filter>Header Files</Filter>
    </ClInclude>
    <ClInclude Include="SmcIF\SmppCode.h">
      <Filter>Header Files</Filter>
    </ClInclude>
    <ClInclude Include="smcif\smppcodeanddecode.h">
      <Filter>Header Files</Filter>
    </ClInclude>
    <ClInclude Include="SmcIF\Smppdef.h">
      <Filter>Header Files</Filter>
    </ClInclude>
    <ClInclude Include="..\Common\SmppExDef.h">
      <Filter>Header Files</Filter>
    </ClInclude>
    <ClInclude Include="..\Common\Sms_Msginner.h">
      <Filter>Header Files</Filter>
    </ClInclude>
    <ClInclude Include="SmcIF\SmsAndEICode.h">
      <Filter>Header Files</Filter>
    </ClInclude>
    <ClInclude Include="SmsApp.h">
      <Filter>Header Files</Filter>
    </ClInclude>
    <ClInclude Include="SmsAppDlg.h">
      <Filter>Header Files</Filter>
    </ClInclude>
    <ClInclude Include="..\Common\SmsMacroMFC.h">
      <Filter>Header Files</Filter>
    </ClInclude>
    <ClInclude Include="..\drvmanager\sockconnect.h">
      <Filter>Header Files</Filter>
    </ClInclude>
    <ClInclude Include="SockContral.h">
      <Filter>Header Files</Filter>
    </ClInclude>
    <ClInclude Include="..\Driver\SocketObj.h">
      <Filter>Header Files</Filter>
    </ClInclude>
    <ClInclude Include="..\drvmanager\sockmng.h">
      <Filter>Header Files</Filter>
    </ClInclude>
    <ClInclude Include="..\common\sockmsgqueue.h">
      <Filter>Header Files</Filter>
    </ClInclude>
    <ClInclude Include="..\drvmanager\sockserver.h">
      <Filter>Header Files</Filter>
    </ClInclude>
    <ClInclude Include="TaskPool\StatisticsTask.h">
      <Filter>Header Files</Filter>
    </ClInclude>
    <ClInclude Include="StdAfx.h">
      <Filter>Header Files</Filter>
    </ClInclude>
    <ClInclude Include="..\drvmanager\syssockmng.h">
      <Filter>Header Files</Filter>
    </ClInclude>
    <ClInclude Include="SystemConfig.h">
      <Filter>Header Files</Filter>
    </ClInclude>
    <ClInclude Include="SMTABLE\Table.h">
      <Filter>Header Files</Filter>
    </ClInclude>
    <ClInclude Include="..\DrvManager\Thread.h">
      <Filter>Header Files</Filter>
    </ClInclude>
    <ClInclude Include="..\common\threadandtimer.h">
      <Filter>Header Files</Filter>
    </ClInclude>
    <ClInclude Include="..\common\threadmng.h">
      <Filter>Header Files</Filter>
    </ClInclude>
    <ClInclude Include="..\common\timermng.h">
      <Filter>Header Files</Filter>
    </ClInclude>
    <ClInclude Include="..\Common\tlv.h">
      <Filter>Header Files</Filter>
    </ClInclude>
    <ClInclude Include="..\Common\TrayIcon.h">
      <Filter>Header Files</Filter>
    </ClInclude>
    <ClInclude Include="..\common\Tree10.h">
      <Filter>Header Files</Filter>
    </ClInclude>
    <ClInclude Include="TreeTable256.h">
      <Filter>Header Files</Filter>
    </ClInclude>
    <ClInclude Include="UnwelcomeDlg.h">
      <Filter>Header Files</Filter>
    </ClInclude>
    <ClInclude Include="ifmng\waitresp.h">
      <Filter>Header Files</Filter>
    </ClInclude>
    <ClInclude Include="WordAnalyse.h">
      <Filter>Header Files</Filter>
    </ClInclude>
    <ClInclude Include="taskpool\work.h">
      <Filter>Header Files</Filter>
    </ClInclude>
    <ClInclude Include="OmcManager.h">
      <Filter>Header Files</Filter>
    </ClInclude>
  </ItemGroup>
  <ItemGroup>
    <CustomBuild Include="res\cursor1.cur">
      <Filter>Resource Files</Filter>
    </CustomBuild>
    <CustomBuild Include="res\huawei.bmp">
      <Filter>Resource Files</Filter>
    </CustomBuild>
    <CustomBuild Include="res\huawei2.ico">
      <Filter>Resource Files</Filter>
    </CustomBuild>
    <CustomBuild Include="res\Recycle Red.ico">
      <Filter>Resource Files</Filter>
    </CustomBuild>
    <CustomBuild Include="res\share.ico">
      <Filter>Resource Files</Filter>
    </CustomBuild>
    <CustomBuild Include="res\SmsApp.ico">
      <Filter>Resource Files</Filter>
    </CustomBuild>
    <CustomBuild Include="res\SmsApp.rc2">
      <Filter>Resource Files</Filter>
    </CustomBuild>
    <CustomBuild Include="res\work2.BMP">
      <Filter>Resource Files</Filter>
    </CustomBuild>
    <CustomBuild Include="res\work3.bmp">
      <Filter>Resource Files</Filter>
    </CustomBuild>
    <CustomBuild Include="res\work5.bmp">
      <Filter>Resource Files</Filter>
    </CustomBuild>
    <CustomBuild Include="ReadMe.txt" />
  </ItemGroup>
</Project>